Microsoft Visual Studio Solution File, Format Version 8.00
Project("{8BC9CEB8-8B4A-11D0-8D11-00A0C91BC942}") = "MfcExLib", "MfcExLib\MfcExLib.vcproj", "{49AB9727-9DEB-4B3E-889D-67A8810EB14C}"
	ProjectSection(ProjectDependencies) = postProject
	EndProjectSection
EndProject
Project("{8BC9CEB8-8B4A-11D0-8D11-00A0C91BC942}") = "EngineLib", "enginelib\enginelib.vcproj", "{1B7E9F95-3027-4194-BCA6-DE1D940C12E9}"
	ProjectSection(ProjectDependencies) = postProject
	EndProjectSection
EndProject
Project("{8BC9CEB8-8B4A-11D0-8D11-00A0C91BC942}") = "NetClientLib", "netclientLib\netclientLib.vcproj", "{B0D7D4D5-5245-463D-8F76-9822AC752E71}"
	ProjectSection(ProjectDependencies) = postProject
	EndProjectSection
EndProject
Project("{8BC9CEB8-8B4A-11D0-8D11-00A0C91BC942}") = "SessionServer", "SessionServer\SessionServer.vcproj", "{86A94370-086D-4EE1-B83A-165A8097C275}"
	ProjectSection(ProjectDependencies) = postProject
		{49AB9727-9DEB-4B3E-889D-67A8810EB14C} = {49AB9727-9DEB-4B3E-889D-67A8810EB14C}
		{393C882A-748C-4AB7-809D-7B437FBB7AF3} = {393C882A-748C-4AB7-809D-7B437FBB7AF3}
		{06500F3B-6B55-42FC-B009-4E525C25B404} = {06500F3B-6B55-42FC-B009-4E525C25B404}
		{36F1AF73-B733-41ED-9DC2-F35DA5A1D073} = {36F1AF73-B733-41ED-9DC2-F35DA5A1D073}
		{1B7E9F95-3027-4194-BCA6-DE1D940C12E9} = {1B7E9F95-3027-4194-BCA6-DE1D940C12E9}
		{DD642AD2-FD38-4171-9432-3EFE08EC7CAD} = {DD642AD2-FD38-4171-9432-3EFE08EC7CAD}
		{0D444AD2-DAA6-405D-B28D-656AAF5093D5} = {0D444AD2-DAA6-405D-B28D-656AAF5093D5}
		{B0D7D4D5-5245-463D-8F76-9822AC752E71} = {B0D7D4D5-5245-463D-8F76-9822AC752E71}
		{E8CF1ADA-264A-4127-86C2-FD7057D3792C} = {E8CF1ADA-264A-4127-86C2-FD7057D3792C}
	EndProjectSection
EndProject
Project("{8BC9CEB8-8B4A-11D0-8D11-00A0C91BC942}") = "LoginServer", "LoginServer\LoginServer.vcproj", "{BCF775D2-831D-4647-ABD5-02B282CA0ACA}"
	ProjectSection(ProjectDependencies) = postProject
		{393C882A-748C-4AB7-809D-7B437FBB7AF3} = {393C882A-748C-4AB7-809D-7B437FBB7AF3}
		{06500F3B-6B55-42FC-B009-4E525C25B404} = {06500F3B-6B55-42FC-B009-4E525C25B404}
		{36F1AF73-B733-41ED-9DC2-F35DA5A1D073} = {36F1AF73-B733-41ED-9DC2-F35DA5A1D073}
		{1B7E9F95-3027-4194-BCA6-DE1D940C12E9} = {1B7E9F95-3027-4194-BCA6-DE1D940C12E9}
		{DD642AD2-FD38-4171-9432-3EFE08EC7CAD} = {DD642AD2-FD38-4171-9432-3EFE08EC7CAD}
		{0D444AD2-DAA6-405D-B28D-656AAF5093D5} = {0D444AD2-DAA6-405D-B28D-656AAF5093D5}
		{B0D7D4D5-5245-463D-8F76-9822AC752E71} = {B0D7D4D5-5245-463D-8F76-9822AC752E71}
		{E8CF1ADA-264A-4127-86C2-FD7057D3792C} = {E8CF1ADA-264A-4127-86C2-FD7057D3792C}
	EndProjectSection
EndProject
Project("{8BC9CEB8-8B4A-11D0-8D11-00A0C91BC942}") = "RanClientLib", "RanClientLib\RanClientLib.vcproj", "{36F1AF73-B733-41ED-9DC2-F35DA5A1D073}"
	ProjectSection(ProjectDependencies) = postProject
		{49AB9727-9DEB-4B3E-889D-67A8810EB14C} = {49AB9727-9DEB-4B3E-889D-67A8810EB14C}
	EndProjectSection
EndProject
Project("{8BC9CEB8-8B4A-11D0-8D11-00A0C91BC942}") = "NetServerLib", "netserverLib\netserverLib.vcproj", "{0D444AD2-DAA6-405D-B28D-656AAF5093D5}"
	ProjectSection(ProjectDependencies) = postProject
	EndProjectSection
EndProject
Project("{8BC9CEB8-8B4A-11D0-8D11-00A0C91BC942}") = "ServerManager", "ServerManager\ServerManager.vcproj", "{48A54452-58BC-4EBA-AA6C-38D92CEAD468}"
	ProjectSection(ProjectDependencies) = postProject
		{49AB9727-9DEB-4B3E-889D-67A8810EB14C} = {49AB9727-9DEB-4B3E-889D-67A8810EB14C}
		{393C882A-748C-4AB7-809D-7B437FBB7AF3} = {393C882A-748C-4AB7-809D-7B437FBB7AF3}
		{06500F3B-6B55-42FC-B009-4E525C25B404} = {06500F3B-6B55-42FC-B009-4E525C25B404}
		{36F1AF73-B733-41ED-9DC2-F35DA5A1D073} = {36F1AF73-B733-41ED-9DC2-F35DA5A1D073}
		{1B7E9F95-3027-4194-BCA6-DE1D940C12E9} = {1B7E9F95-3027-4194-BCA6-DE1D940C12E9}
		{DD642AD2-FD38-4171-9432-3EFE08EC7CAD} = {DD642AD2-FD38-4171-9432-3EFE08EC7CAD}
		{0D444AD2-DAA6-405D-B28D-656AAF5093D5} = {0D444AD2-DAA6-405D-B28D-656AAF5093D5}
		{B0D7D4D5-5245-463D-8F76-9822AC752E71} = {B0D7D4D5-5245-463D-8F76-9822AC752E71}
		{E8CF1ADA-264A-4127-86C2-FD7057D3792C} = {E8CF1ADA-264A-4127-86C2-FD7057D3792C}
	EndProjectSection
EndProject
Project("{8BC9CEB8-8B4A-11D0-8D11-00A0C91BC942}") = "Emulator", "Emulator\Emulator.vcproj", "{ABDFE1DD-5722-49A8-BD1C-AD572EDE73CD}"
	ProjectSection(ProjectDependencies) = postProject
		{49AB9727-9DEB-4B3E-889D-67A8810EB14C} = {49AB9727-9DEB-4B3E-889D-67A8810EB14C}
		{393C882A-748C-4AB7-809D-7B437FBB7AF3} = {393C882A-748C-4AB7-809D-7B437FBB7AF3}
		{06500F3B-6B55-42FC-B009-4E525C25B404} = {06500F3B-6B55-42FC-B009-4E525C25B404}
		{36F1AF73-B733-41ED-9DC2-F35DA5A1D073} = {36F1AF73-B733-41ED-9DC2-F35DA5A1D073}
		{1B7E9F95-3027-4194-BCA6-DE1D940C12E9} = {1B7E9F95-3027-4194-BCA6-DE1D940C12E9}
		{DD642AD2-FD38-4171-9432-3EFE08EC7CAD} = {DD642AD2-FD38-4171-9432-3EFE08EC7CAD}
		{0D444AD2-DAA6-405D-B28D-656AAF5093D5} = {0D444AD2-DAA6-405D-B28D-656AAF5093D5}
		{B0D7D4D5-5245-463D-8F76-9822AC752E71} = {B0D7D4D5-5245-463D-8F76-9822AC752E71}
		{E8CF1ADA-264A-4127-86C2-FD7057D3792C} = {E8CF1ADA-264A-4127-86C2-FD7057D3792C}
	EndProjectSection
EndProject
Project("{8BC9CEB8-8B4A-11D0-8D11-00A0C91BC942}") = "FieldServer", "FieldServer\FieldServer.vcproj", "{D7D4C861-3C19-43E5-8398-7B3A72CCCC9D}"
	ProjectSection(ProjectDependencies) = postProject
		{49AB9727-9DEB-4B3E-889D-67A8810EB14C} = {49AB9727-9DEB-4B3E-889D-67A8810EB14C}
		{393C882A-748C-4AB7-809D-7B437FBB7AF3} = {393C882A-748C-4AB7-809D-7B437FBB7AF3}
		{06500F3B-6B55-42FC-B009-4E525C25B404} = {06500F3B-6B55-42FC-B009-4E525C25B404}
		{36F1AF73-B733-41ED-9DC2-F35DA5A1D073} = {36F1AF73-B733-41ED-9DC2-F35DA5A1D073}
		{1B7E9F95-3027-4194-BCA6-DE1D940C12E9} = {1B7E9F95-3027-4194-BCA6-DE1D940C12E9}
		{DD642AD2-FD38-4171-9432-3EFE08EC7CAD} = {DD642AD2-FD38-4171-9432-3EFE08EC7CAD}
		{0D444AD2-DAA6-405D-B28D-656AAF5093D5} = {0D444AD2-DAA6-405D-B28D-656AAF5093D5}
		{B0D7D4D5-5245-463D-8F76-9822AC752E71} = {B0D7D4D5-5245-463D-8F76-9822AC752E71}
		{E8CF1ADA-264A-4127-86C2-FD7057D3792C} = {E8CF1ADA-264A-4127-86C2-FD7057D3792C}
	EndProjectSection
EndProject
Project("{8BC9CEB8-8B4A-11D0-8D11-00A0C91BC942}") = "AgentServer", "AgentServer\AgentServer.vcproj", "{C69DF8AC-CB70-412D-981A-9803C2556BBB}"
	ProjectSection(ProjectDependencies) = postProject
		{49AB9727-9DEB-4B3E-889D-67A8810EB14C} = {49AB9727-9DEB-4B3E-889D-67A8810EB14C}
		{393C882A-748C-4AB7-809D-7B437FBB7AF3} = {393C882A-748C-4AB7-809D-7B437FBB7AF3}
		{06500F3B-6B55-42FC-B009-4E525C25B404} = {06500F3B-6B55-42FC-B009-4E525C25B404}
		{36F1AF73-B733-41ED-9DC2-F35DA5A1D073} = {36F1AF73-B733-41ED-9DC2-F35DA5A1D073}
		{1B7E9F95-3027-4194-BCA6-DE1D940C12E9} = {1B7E9F95-3027-4194-BCA6-DE1D940C12E9}
		{DD642AD2-FD38-4171-9432-3EFE08EC7CAD} = {DD642AD2-FD38-4171-9432-3EFE08EC7CAD}
		{0D444AD2-DAA6-405D-B28D-656AAF5093D5} = {0D444AD2-DAA6-405D-B28D-656AAF5093D5}
		{B0D7D4D5-5245-463D-8F76-9822AC752E71} = {B0D7D4D5-5245-463D-8F76-9822AC752E71}
		{E8CF1ADA-264A-4127-86C2-FD7057D3792C} = {E8CF1ADA-264A-4127-86C2-FD7057D3792C}
	EndProjectSection
EndProject
Project("{8BC9CEB8-8B4A-11D0-8D11-00A0C91BC942}") = "RanEditor", "superpad\superpad.vcproj", "{E15A7173-27D2-4768-8BAB-0B5AA4638D73}"
	ProjectSection(ProjectDependencies) = postProject
		{49AB9727-9DEB-4B3E-889D-67A8810EB14C} = {49AB9727-9DEB-4B3E-889D-67A8810EB14C}
		{06500F3B-6B55-42FC-B009-4E525C25B404} = {06500F3B-6B55-42FC-B009-4E525C25B404}
		{1B7E9F95-3027-4194-BCA6-DE1D940C12E9} = {1B7E9F95-3027-4194-BCA6-DE1D940C12E9}
		{DD642AD2-FD38-4171-9432-3EFE08EC7CAD} = {DD642AD2-FD38-4171-9432-3EFE08EC7CAD}
	EndProjectSection
EndProject
Project("{8BC9CEB8-8B4A-11D0-8D11-00A0C91BC942}") = "Basic", "Basic\Basic.vcproj", "{6FAC775F-87A3-4C20-9EE6-4713C2C9A6E9}"
	ProjectSection(ProjectDependencies) = postProject
		{49AB9727-9DEB-4B3E-889D-67A8810EB14C} = {49AB9727-9DEB-4B3E-889D-67A8810EB14C}
		{393C882A-748C-4AB7-809D-7B437FBB7AF3} = {393C882A-748C-4AB7-809D-7B437FBB7AF3}
		{06500F3B-6B55-42FC-B009-4E525C25B404} = {06500F3B-6B55-42FC-B009-4E525C25B404}
		{36F1AF73-B733-41ED-9DC2-F35DA5A1D073} = {36F1AF73-B733-41ED-9DC2-F35DA5A1D073}
		{1B7E9F95-3027-4194-BCA6-DE1D940C12E9} = {1B7E9F95-3027-4194-BCA6-DE1D940C12E9}
		{DD642AD2-FD38-4171-9432-3EFE08EC7CAD} = {DD642AD2-FD38-4171-9432-3EFE08EC7CAD}
		{B0D7D4D5-5245-463D-8F76-9822AC752E71} = {B0D7D4D5-5245-463D-8F76-9822AC752E71}
		{E8CF1ADA-264A-4127-86C2-FD7057D3792C} = {E8CF1ADA-264A-4127-86C2-FD7057D3792C}
	EndProjectSection
EndProject
Project("{8BC9CEB8-8B4A-11D0-8D11-00A0C91BC942}") = "EngineUILib", "EngineUILib\EngineUILib.vcproj", "{06500F3B-6B55-42FC-B009-4E525C25B404}"
	ProjectSection(ProjectDependencies) = postProject
	EndProjectSection
EndProject
Project("{8BC9CEB8-8B4A-11D0-8D11-00A0C91BC942}") = "EngineSoundLib", "EngineSoundLib\EngineSoundLib.vcproj", "{DD642AD2-FD38-4171-9432-3EFE08EC7CAD}"
	ProjectSection(ProjectDependencies) = postProject
	EndProjectSection
EndProject
Project("{8BC9CEB8-8B4A-11D0-8D11-00A0C91BC942}") = "RanClientUILib", "RanClientUILib\RanClientUILib.vcproj", "{393C882A-748C-4AB7-809D-7B437FBB7AF3}"
	ProjectSection(ProjectDependencies) = postProject
		{49AB9727-9DEB-4B3E-889D-67A8810EB14C} = {49AB9727-9DEB-4B3E-889D-67A8810EB14C}
	EndProjectSection
EndProject
Project("{8BC9CEB8-8B4A-11D0-8D11-00A0C91BC942}") = "BugTrap", "BugTrap\BugTrap.vcproj", "{E8CF1ADA-264A-4127-86C2-FD7057D3792C}"
	ProjectSection(ProjectDependencies) = postProject
	EndProjectSection
EndProject
Project("{8BC9CEB8-8B4A-11D0-8D11-00A0C91BC942}") = "NpcAction", "NpcAction\NpcAction.vcproj", "{51E0953A-983F-4C2F-BA4C-DEBAD030174E}"
	ProjectSection(ProjectDependencies) = postProject
		{49AB9727-9DEB-4B3E-889D-67A8810EB14C} = {49AB9727-9DEB-4B3E-889D-67A8810EB14C}
		{393C882A-748C-4AB7-809D-7B437FBB7AF3} = {393C882A-748C-4AB7-809D-7B437FBB7AF3}
		{06500F3B-6B55-42FC-B009-4E525C25B404} = {06500F3B-6B55-42FC-B009-4E525C25B404}
		{36F1AF73-B733-41ED-9DC2-F35DA5A1D073} = {36F1AF73-B733-41ED-9DC2-F35DA5A1D073}
		{1B7E9F95-3027-4194-BCA6-DE1D940C12E9} = {1B7E9F95-3027-4194-BCA6-DE1D940C12E9}
		{DD642AD2-FD38-4171-9432-3EFE08EC7CAD} = {DD642AD2-FD38-4171-9432-3EFE08EC7CAD}
		{0D444AD2-DAA6-405D-B28D-656AAF5093D5} = {0D444AD2-DAA6-405D-B28D-656AAF5093D5}
		{B0D7D4D5-5245-463D-8F76-9822AC752E71} = {B0D7D4D5-5245-463D-8F76-9822AC752E71}
		{E8CF1ADA-264A-4127-86C2-FD7057D3792C} = {E8CF1ADA-264A-4127-86C2-FD7057D3792C}
	EndProjectSection
EndProject
Project("{8BC9CEB8-8B4A-11D0-8D11-00A0C91BC942}") = "QuestEdit", "QuestEdit\QuestEdit.vcproj", "{F6D2EE22-6103-44FC-8D08-A01471D16292}"
	ProjectSection(ProjectDependencies) = postProject
		{49AB9727-9DEB-4B3E-889D-67A8810EB14C} = {49AB9727-9DEB-4B3E-889D-67A8810EB14C}
		{393C882A-748C-4AB7-809D-7B437FBB7AF3} = {393C882A-748C-4AB7-809D-7B437FBB7AF3}
		{06500F3B-6B55-42FC-B009-4E525C25B404} = {06500F3B-6B55-42FC-B009-4E525C25B404}
		{36F1AF73-B733-41ED-9DC2-F35DA5A1D073} = {36F1AF73-B733-41ED-9DC2-F35DA5A1D073}
		{1B7E9F95-3027-4194-BCA6-DE1D940C12E9} = {1B7E9F95-3027-4194-BCA6-DE1D940C12E9}
		{DD642AD2-FD38-4171-9432-3EFE08EC7CAD} = {DD642AD2-FD38-4171-9432-3EFE08EC7CAD}
		{0D444AD2-DAA6-405D-B28D-656AAF5093D5} = {0D444AD2-DAA6-405D-B28D-656AAF5093D5}
		{B0D7D4D5-5245-463D-8F76-9822AC752E71} = {B0D7D4D5-5245-463D-8F76-9822AC752E71}
		{E8CF1ADA-264A-4127-86C2-FD7057D3792C} = {E8CF1ADA-264A-4127-86C2-FD7057D3792C}
	EndProjectSection
EndProject
Project("{8BC9CEB8-8B4A-11D0-8D11-00A0C91BC942}") = "SkillEditor", "SkillEditor\SkillEditor.vcproj", "{74B5A9A9-2098-4603-B3BD-21D78188A48A}"
	ProjectSection(ProjectDependencies) = postProject
		{49AB9727-9DEB-4B3E-889D-67A8810EB14C} = {49AB9727-9DEB-4B3E-889D-67A8810EB14C}
		{393C882A-748C-4AB7-809D-7B437FBB7AF3} = {393C882A-748C-4AB7-809D-7B437FBB7AF3}
		{06500F3B-6B55-42FC-B009-4E525C25B404} = {06500F3B-6B55-42FC-B009-4E525C25B404}
		{36F1AF73-B733-41ED-9DC2-F35DA5A1D073} = {36F1AF73-B733-41ED-9DC2-F35DA5A1D073}
		{1B7E9F95-3027-4194-BCA6-DE1D940C12E9} = {1B7E9F95-3027-4194-BCA6-DE1D940C12E9}
		{DD642AD2-FD38-4171-9432-3EFE08EC7CAD} = {DD642AD2-FD38-4171-9432-3EFE08EC7CAD}
		{0D444AD2-DAA6-405D-B28D-656AAF5093D5} = {0D444AD2-DAA6-405D-B28D-656AAF5093D5}
		{B0D7D4D5-5245-463D-8F76-9822AC752E71} = {B0D7D4D5-5245-463D-8F76-9822AC752E71}
		{E8CF1ADA-264A-4127-86C2-FD7057D3792C} = {E8CF1ADA-264A-4127-86C2-FD7057D3792C}
	EndProjectSection
EndProject
Project("{8BC9CEB8-8B4A-11D0-8D11-00A0C91BC942}") = "MobEdit", "MobEdit\MobEdit.vcproj", "{C0BB35EF-EAE1-41BE-8E9B-EE03117AE2BB}"
	ProjectSection(ProjectDependencies) = postProject
		{393C882A-748C-4AB7-809D-7B437FBB7AF3} = {393C882A-748C-4AB7-809D-7B437FBB7AF3}
		{06500F3B-6B55-42FC-B009-4E525C25B404} = {06500F3B-6B55-42FC-B009-4E525C25B404}
		{36F1AF73-B733-41ED-9DC2-F35DA5A1D073} = {36F1AF73-B733-41ED-9DC2-F35DA5A1D073}
		{1B7E9F95-3027-4194-BCA6-DE1D940C12E9} = {1B7E9F95-3027-4194-BCA6-DE1D940C12E9}
		{DD642AD2-FD38-4171-9432-3EFE08EC7CAD} = {DD642AD2-FD38-4171-9432-3EFE08EC7CAD}
		{0D444AD2-DAA6-405D-B28D-656AAF5093D5} = {0D444AD2-DAA6-405D-B28D-656AAF5093D5}
		{B0D7D4D5-5245-463D-8F76-9822AC752E71} = {B0D7D4D5-5245-463D-8F76-9822AC752E71}
		{E8CF1ADA-264A-4127-86C2-FD7057D3792C} = {E8CF1ADA-264A-4127-86C2-FD7057D3792C}
	EndProjectSection
EndProject
Project("{8BC9CEB8-8B4A-11D0-8D11-00A0C91BC942}") = "_Document", "=Document\_Document.vcproj", "{1EFC0DF1-5A35-41BD-8C99-6072B6384EA7}"
	ProjectSection(ProjectDependencies) = postProject
	EndProjectSection
EndProject
Project("{8BC9CEB8-8B4A-11D0-8D11-00A0C91BC942}") = "RanTool", "RanTool\RanTool.vcproj", "{EFD95D23-EFF2-41D8-B271-E51566D4A239}"
	ProjectSection(ProjectDependencies) = postProject
		{49AB9727-9DEB-4B3E-889D-67A8810EB14C} = {49AB9727-9DEB-4B3E-889D-67A8810EB14C}
		{393C882A-748C-4AB7-809D-7B437FBB7AF3} = {393C882A-748C-4AB7-809D-7B437FBB7AF3}
		{06500F3B-6B55-42FC-B009-4E525C25B404} = {06500F3B-6B55-42FC-B009-4E525C25B404}
		{36F1AF73-B733-41ED-9DC2-F35DA5A1D073} = {36F1AF73-B733-41ED-9DC2-F35DA5A1D073}
		{1B7E9F95-3027-4194-BCA6-DE1D940C12E9} = {1B7E9F95-3027-4194-BCA6-DE1D940C12E9}
		{DD642AD2-FD38-4171-9432-3EFE08EC7CAD} = {DD642AD2-FD38-4171-9432-3EFE08EC7CAD}
		{0D444AD2-DAA6-405D-B28D-656AAF5093D5} = {0D444AD2-DAA6-405D-B28D-656AAF5093D5}
		{B0D7D4D5-5245-463D-8F76-9822AC752E71} = {B0D7D4D5-5245-463D-8F76-9822AC752E71}
		{E8CF1ADA-264A-4127-86C2-FD7057D3792C} = {E8CF1ADA-264A-4127-86C2-FD7057D3792C}
	EndProjectSection
EndProject
Project("{8BC9CEB8-8B4A-11D0-8D11-00A0C91BC942}") = "RanViewer", "RanViewer\RanViewer.vcproj", "{44010431-8603-45F8-8240-994E7D632C81}"
	ProjectSection(ProjectDependencies) = postProject
		{49AB9727-9DEB-4B3E-889D-67A8810EB14C} = {49AB9727-9DEB-4B3E-889D-67A8810EB14C}
		{393C882A-748C-4AB7-809D-7B437FBB7AF3} = {393C882A-748C-4AB7-809D-7B437FBB7AF3}
		{06500F3B-6B55-42FC-B009-4E525C25B404} = {06500F3B-6B55-42FC-B009-4E525C25B404}
		{36F1AF73-B733-41ED-9DC2-F35DA5A1D073} = {36F1AF73-B733-41ED-9DC2-F35DA5A1D073}
		{1B7E9F95-3027-4194-BCA6-DE1D940C12E9} = {1B7E9F95-3027-4194-BCA6-DE1D940C12E9}
		{DD642AD2-FD38-4171-9432-3EFE08EC7CAD} = {DD642AD2-FD38-4171-9432-3EFE08EC7CAD}
		{0D444AD2-DAA6-405D-B28D-656AAF5093D5} = {0D444AD2-DAA6-405D-B28D-656AAF5093D5}
		{B0D7D4D5-5245-463D-8F76-9822AC752E71} = {B0D7D4D5-5245-463D-8F76-9822AC752E71}
		{E8CF1ADA-264A-4127-86C2-FD7057D3792C} = {E8CF1ADA-264A-4127-86C2-FD7057D3792C}
	EndProjectSection
EndProject
Project("{8BC9CEB8-8B4A-11D0-8D11-00A0C91BC942}") = "RanManager", "RanManager\RanManager.vcproj", "{3246753B-3043-4DB4-B441-024AC84BAAB3}"
	ProjectSection(ProjectDependencies) = postProject
		{49AB9727-9DEB-4B3E-889D-67A8810EB14C} = {49AB9727-9DEB-4B3E-889D-67A8810EB14C}
		{393C882A-748C-4AB7-809D-7B437FBB7AF3} = {393C882A-748C-4AB7-809D-7B437FBB7AF3}
		{06500F3B-6B55-42FC-B009-4E525C25B404} = {06500F3B-6B55-42FC-B009-4E525C25B404}
		{36F1AF73-B733-41ED-9DC2-F35DA5A1D073} = {36F1AF73-B733-41ED-9DC2-F35DA5A1D073}
		{1B7E9F95-3027-4194-BCA6-DE1D940C12E9} = {1B7E9F95-3027-4194-BCA6-DE1D940C12E9}
		{DD642AD2-FD38-4171-9432-3EFE08EC7CAD} = {DD642AD2-FD38-4171-9432-3EFE08EC7CAD}
		{0D444AD2-DAA6-405D-B28D-656AAF5093D5} = {0D444AD2-DAA6-405D-B28D-656AAF5093D5}
		{B0D7D4D5-5245-463D-8F76-9822AC752E71} = {B0D7D4D5-5245-463D-8F76-9822AC752E71}
		{E8CF1ADA-264A-4127-86C2-FD7057D3792C} = {E8CF1ADA-264A-4127-86C2-FD7057D3792C}
	EndProjectSection
EndProject
Project("{8BC9CEB8-8B4A-11D0-8D11-00A0C91BC942}") = "RanEditSkinPiece", "RanEditSkinPiece\RanEditSkinPiece.vcproj", "{2511DFCF-6C0C-44FB-99AF-B60C39955786}"
	ProjectSection(ProjectDependencies) = postProject
		{49AB9727-9DEB-4B3E-889D-67A8810EB14C} = {49AB9727-9DEB-4B3E-889D-67A8810EB14C}
		{393C882A-748C-4AB7-809D-7B437FBB7AF3} = {393C882A-748C-4AB7-809D-7B437FBB7AF3}
		{06500F3B-6B55-42FC-B009-4E525C25B404} = {06500F3B-6B55-42FC-B009-4E525C25B404}
		{36F1AF73-B733-41ED-9DC2-F35DA5A1D073} = {36F1AF73-B733-41ED-9DC2-F35DA5A1D073}
		{1B7E9F95-3027-4194-BCA6-DE1D940C12E9} = {1B7E9F95-3027-4194-BCA6-DE1D940C12E9}
		{DD642AD2-FD38-4171-9432-3EFE08EC7CAD} = {DD642AD2-FD38-4171-9432-3EFE08EC7CAD}
		{0D444AD2-DAA6-405D-B28D-656AAF5093D5} = {0D444AD2-DAA6-405D-B28D-656AAF5093D5}
		{B0D7D4D5-5245-463D-8F76-9822AC752E71} = {B0D7D4D5-5245-463D-8F76-9822AC752E71}
		{E8CF1ADA-264A-4127-86C2-FD7057D3792C} = {E8CF1ADA-264A-4127-86C2-FD7057D3792C}
	EndProjectSection
EndProject
Project("{8BC9CEB8-8B4A-11D0-8D11-00A0C91BC942}") = "RanEditLevel", "RanEditLevel\RanEditLevel.vcproj", "{A5CD7D77-59E8-4D0A-8A34-47F092029A6C}"
	ProjectSection(ProjectDependencies) = postProject
		{49AB9727-9DEB-4B3E-889D-67A8810EB14C} = {49AB9727-9DEB-4B3E-889D-67A8810EB14C}
		{393C882A-748C-4AB7-809D-7B437FBB7AF3} = {393C882A-748C-4AB7-809D-7B437FBB7AF3}
		{06500F3B-6B55-42FC-B009-4E525C25B404} = {06500F3B-6B55-42FC-B009-4E525C25B404}
		{36F1AF73-B733-41ED-9DC2-F35DA5A1D073} = {36F1AF73-B733-41ED-9DC2-F35DA5A1D073}
		{1B7E9F95-3027-4194-BCA6-DE1D940C12E9} = {1B7E9F95-3027-4194-BCA6-DE1D940C12E9}
		{DD642AD2-FD38-4171-9432-3EFE08EC7CAD} = {DD642AD2-FD38-4171-9432-3EFE08EC7CAD}
		{0D444AD2-DAA6-405D-B28D-656AAF5093D5} = {0D444AD2-DAA6-405D-B28D-656AAF5093D5}
		{B0D7D4D5-5245-463D-8F76-9822AC752E71} = {B0D7D4D5-5245-463D-8F76-9822AC752E71}
		{E8CF1ADA-264A-4127-86C2-FD7057D3792C} = {E8CF1ADA-264A-4127-86C2-FD7057D3792C}
	EndProjectSection
EndProject
Project("{8BC9CEB8-8B4A-11D0-8D11-00A0C91BC942}") = "ItemEdit", "ItemEdit\ItemEdit.vcproj", "{45165A02-8F74-4217-9739-B66FBB0DDB4D}"
	ProjectSection(ProjectDependencies) = postProject
		{49AB9727-9DEB-4B3E-889D-67A8810EB14C} = {49AB9727-9DEB-4B3E-889D-67A8810EB14C}
		{393C882A-748C-4AB7-809D-7B437FBB7AF3} = {393C882A-748C-4AB7-809D-7B437FBB7AF3}
		{06500F3B-6B55-42FC-B009-4E525C25B404} = {06500F3B-6B55-42FC-B009-4E525C25B404}
		{36F1AF73-B733-41ED-9DC2-F35DA5A1D073} = {36F1AF73-B733-41ED-9DC2-F35DA5A1D073}
		{1B7E9F95-3027-4194-BCA6-DE1D940C12E9} = {1B7E9F95-3027-4194-BCA6-DE1D940C12E9}
		{DD642AD2-FD38-4171-9432-3EFE08EC7CAD} = {DD642AD2-FD38-4171-9432-3EFE08EC7CAD}
		{0D444AD2-DAA6-405D-B28D-656AAF5093D5} = {0D444AD2-DAA6-405D-B28D-656AAF5093D5}
		{B0D7D4D5-5245-463D-8F76-9822AC752E71} = {B0D7D4D5-5245-463D-8F76-9822AC752E71}
		{E8CF1ADA-264A-4127-86C2-FD7057D3792C} = {E8CF1ADA-264A-4127-86C2-FD7057D3792C}
	EndProjectSection
EndProject
Global
	GlobalSection(SolutionConfiguration) = preSolution
		Debug = Debug
		Release = Release
		Release_A = Release_A
		Release_All = Release_All
		Release_B = Release_B
		Release_C = Release_C
		Release_D = Release_D
		Release_Server = Release_Server
		ReleaseAll = ReleaseAll
	EndGlobalSection
	GlobalSection(ProjectConfiguration) = postSolution
		{49AB9727-9DEB-4B3E-889D-67A8810EB14C}.Debug.ActiveCfg = Debug|Win32
		{49AB9727-9DEB-4B3E-889D-67A8810EB14C}.Debug.Build.0 = Debug|Win32
		{49AB9727-9DEB-4B3E-889D-67A8810EB14C}.Release.ActiveCfg = Release|Win32
		{49AB9727-9DEB-4B3E-889D-67A8810EB14C}.Release.Build.0 = Release|Win32
		{49AB9727-9DEB-4B3E-889D-67A8810EB14C}.Release_A.ActiveCfg = Release_A|Win32
		{49AB9727-9DEB-4B3E-889D-67A8810EB14C}.Release_A.Build.0 = Release_A|Win32
		{49AB9727-9DEB-4B3E-889D-67A8810EB14C}.Release_All.ActiveCfg = Release_A|Win32
		{49AB9727-9DEB-4B3E-889D-67A8810EB14C}.Release_All.Build.0 = Release_A|Win32
		{49AB9727-9DEB-4B3E-889D-67A8810EB14C}.Release_B.ActiveCfg = Release_B|Win32
		{49AB9727-9DEB-4B3E-889D-67A8810EB14C}.Release_B.Build.0 = Release_B|Win32
		{49AB9727-9DEB-4B3E-889D-67A8810EB14C}.Release_C.ActiveCfg = Release_C|Win32
		{49AB9727-9DEB-4B3E-889D-67A8810EB14C}.Release_C.Build.0 = Release_C|Win32
		{49AB9727-9DEB-4B3E-889D-67A8810EB14C}.Release_D.ActiveCfg = Release_D|Win32
		{49AB9727-9DEB-4B3E-889D-67A8810EB14C}.Release_D.Build.0 = Release_D|Win32
		{49AB9727-9DEB-4B3E-889D-67A8810EB14C}.Release_Server.ActiveCfg = Release_Server|Win32
		{49AB9727-9DEB-4B3E-889D-67A8810EB14C}.Release_Server.Build.0 = Release_Server|Win32
		{49AB9727-9DEB-4B3E-889D-67A8810EB14C}.ReleaseAll.ActiveCfg = Release_D|Win32
		{49AB9727-9DEB-4B3E-889D-67A8810EB14C}.ReleaseAll.Build.0 = Release_D|Win32
		{1B7E9F95-3027-4194-BCA6-DE1D940C12E9}.Debug.ActiveCfg = Debug|Win32
		{1B7E9F95-3027-4194-BCA6-DE1D940C12E9}.Debug.Build.0 = Debug|Win32
		{1B7E9F95-3027-4194-BCA6-DE1D940C12E9}.Release.ActiveCfg = Release|Win32
		{1B7E9F95-3027-4194-BCA6-DE1D940C12E9}.Release.Build.0 = Release|Win32
		{1B7E9F95-3027-4194-BCA6-DE1D940C12E9}.Release_A.ActiveCfg = Release_A|Win32
		{1B7E9F95-3027-4194-BCA6-DE1D940C12E9}.Release_A.Build.0 = Release_A|Win32
		{1B7E9F95-3027-4194-BCA6-DE1D940C12E9}.Release_All.ActiveCfg = Release_A|Win32
		{1B7E9F95-3027-4194-BCA6-DE1D940C12E9}.Release_All.Build.0 = Release_A|Win32
		{1B7E9F95-3027-4194-BCA6-DE1D940C12E9}.Release_B.ActiveCfg = Release_B|Win32
		{1B7E9F95-3027-4194-BCA6-DE1D940C12E9}.Release_B.Build.0 = Release_B|Win32
		{1B7E9F95-3027-4194-BCA6-DE1D940C12E9}.Release_C.ActiveCfg = Release_C|Win32
		{1B7E9F95-3027-4194-BCA6-DE1D940C12E9}.Release_C.Build.0 = Release_C|Win32
		{1B7E9F95-3027-4194-BCA6-DE1D940C12E9}.Release_D.ActiveCfg = Release_D|Win32
		{1B7E9F95-3027-4194-BCA6-DE1D940C12E9}.Release_D.Build.0 = Release_D|Win32
		{1B7E9F95-3027-4194-BCA6-DE1D940C12E9}.Release_Server.ActiveCfg = Release_Server|Win32
		{1B7E9F95-3027-4194-BCA6-DE1D940C12E9}.Release_Server.Build.0 = Release_Server|Win32
		{1B7E9F95-3027-4194-BCA6-DE1D940C12E9}.ReleaseAll.ActiveCfg = Release_D|Win32
		{1B7E9F95-3027-4194-BCA6-DE1D940C12E9}.ReleaseAll.Build.0 = Release_D|Win32
		{B0D7D4D5-5245-463D-8F76-9822AC752E71}.Debug.ActiveCfg = Debug|Win32
		{B0D7D4D5-5245-463D-8F76-9822AC752E71}.Debug.Build.0 = Debug|Win32
		{B0D7D4D5-5245-463D-8F76-9822AC752E71}.Release.ActiveCfg = Release|Win32
		{B0D7D4D5-5245-463D-8F76-9822AC752E71}.Release.Build.0 = Release|Win32
		{B0D7D4D5-5245-463D-8F76-9822AC752E71}.Release_A.ActiveCfg = Release_A|Win32
		{B0D7D4D5-5245-463D-8F76-9822AC752E71}.Release_A.Build.0 = Release_A|Win32
		{B0D7D4D5-5245-463D-8F76-9822AC752E71}.Release_All.ActiveCfg = Release_A|Win32
		{B0D7D4D5-5245-463D-8F76-9822AC752E71}.Release_All.Build.0 = Release_A|Win32
		{B0D7D4D5-5245-463D-8F76-9822AC752E71}.Release_B.ActiveCfg = Release_B|Win32
		{B0D7D4D5-5245-463D-8F76-9822AC752E71}.Release_B.Build.0 = Release_B|Win32
		{B0D7D4D5-5245-463D-8F76-9822AC752E71}.Release_C.ActiveCfg = Release_C|Win32
		{B0D7D4D5-5245-463D-8F76-9822AC752E71}.Release_C.Build.0 = Release_C|Win32
		{B0D7D4D5-5245-463D-8F76-9822AC752E71}.Release_D.ActiveCfg = Release_D|Win32
		{B0D7D4D5-5245-463D-8F76-9822AC752E71}.Release_D.Build.0 = Release_D|Win32
		{B0D7D4D5-5245-463D-8F76-9822AC752E71}.Release_Server.ActiveCfg = Release_Server|Win32
		{B0D7D4D5-5245-463D-8F76-9822AC752E71}.Release_Server.Build.0 = Release_Server|Win32
		{B0D7D4D5-5245-463D-8F76-9822AC752E71}.ReleaseAll.ActiveCfg = Release_D|Win32
		{B0D7D4D5-5245-463D-8F76-9822AC752E71}.ReleaseAll.Build.0 = Release_D|Win32
		{86A94370-086D-4EE1-B83A-165A8097C275}.Debug.ActiveCfg = Debug|Win32
		{86A94370-086D-4EE1-B83A-165A8097C275}.Debug.Build.0 = Debug|Win32
		{86A94370-086D-4EE1-B83A-165A8097C275}.Release.ActiveCfg = Release|Win32
		{86A94370-086D-4EE1-B83A-165A8097C275}.Release.Build.0 = Release|Win32
		{86A94370-086D-4EE1-B83A-165A8097C275}.Release_A.ActiveCfg = Release_A|Win32
		{86A94370-086D-4EE1-B83A-165A8097C275}.Release_A.Build.0 = Release_A|Win32
		{86A94370-086D-4EE1-B83A-165A8097C275}.Release_All.ActiveCfg = Release_A|Win32
		{86A94370-086D-4EE1-B83A-165A8097C275}.Release_All.Build.0 = Release_A|Win32
		{86A94370-086D-4EE1-B83A-165A8097C275}.Release_B.ActiveCfg = Release_B|Win32
		{86A94370-086D-4EE1-B83A-165A8097C275}.Release_B.Build.0 = Release_B|Win32
		{86A94370-086D-4EE1-B83A-165A8097C275}.Release_C.ActiveCfg = Release_C|Win32
		{86A94370-086D-4EE1-B83A-165A8097C275}.Release_C.Build.0 = Release_C|Win32
		{86A94370-086D-4EE1-B83A-165A8097C275}.Release_D.ActiveCfg = Release_D|Win32
		{86A94370-086D-4EE1-B83A-165A8097C275}.Release_D.Build.0 = Release_D|Win32
		{86A94370-086D-4EE1-B83A-165A8097C275}.Release_Server.ActiveCfg = Release_Server|Win32
		{86A94370-086D-4EE1-B83A-165A8097C275}.Release_Server.Build.0 = Release_Server|Win32
		{86A94370-086D-4EE1-B83A-165A8097C275}.ReleaseAll.ActiveCfg = Release_D|Win32
		{86A94370-086D-4EE1-B83A-165A8097C275}.ReleaseAll.Build.0 = Release_D|Win32
		{BCF775D2-831D-4647-ABD5-02B282CA0ACA}.Debug.ActiveCfg = Debug|Win32
		{BCF775D2-831D-4647-ABD5-02B282CA0ACA}.Debug.Build.0 = Debug|Win32
		{BCF775D2-831D-4647-ABD5-02B282CA0ACA}.Release.ActiveCfg = Release|Win32
		{BCF775D2-831D-4647-ABD5-02B282CA0ACA}.Release.Build.0 = Release|Win32
		{BCF775D2-831D-4647-ABD5-02B282CA0ACA}.Release_A.ActiveCfg = Release_A|Win32
		{BCF775D2-831D-4647-ABD5-02B282CA0ACA}.Release_A.Build.0 = Release_A|Win32
		{BCF775D2-831D-4647-ABD5-02B282CA0ACA}.Release_All.ActiveCfg = Release_A|Win32
		{BCF775D2-831D-4647-ABD5-02B282CA0ACA}.Release_All.Build.0 = Release_A|Win32
		{BCF775D2-831D-4647-ABD5-02B282CA0ACA}.Release_B.ActiveCfg = Release_B|Win32
		{BCF775D2-831D-4647-ABD5-02B282CA0ACA}.Release_B.Build.0 = Release_B|Win32
		{BCF775D2-831D-4647-ABD5-02B282CA0ACA}.Release_C.ActiveCfg = Release_C|Win32
		{BCF775D2-831D-4647-ABD5-02B282CA0ACA}.Release_C.Build.0 = Release_C|Win32
		{BCF775D2-831D-4647-ABD5-02B282CA0ACA}.Release_D.ActiveCfg = Release_D|Win32
		{BCF775D2-831D-4647-ABD5-02B282CA0ACA}.Release_D.Build.0 = Release_D|Win32
		{BCF775D2-831D-4647-ABD5-02B282CA0ACA}.Release_Server.ActiveCfg = Release_Server|Win32
		{BCF775D2-831D-4647-ABD5-02B282CA0ACA}.Release_Server.Build.0 = Release_Server|Win32
		{BCF775D2-831D-4647-ABD5-02B282CA0ACA}.ReleaseAll.ActiveCfg = Release_D|Win32
		{BCF775D2-831D-4647-ABD5-02B282CA0ACA}.ReleaseAll.Build.0 = Release_D|Win32
		{36F1AF73-B733-41ED-9DC2-F35DA5A1D073}.Debug.ActiveCfg = Debug|Win32
		{36F1AF73-B733-41ED-9DC2-F35DA5A1D073}.Debug.Build.0 = Debug|Win32
		{36F1AF73-B733-41ED-9DC2-F35DA5A1D073}.Release.ActiveCfg = Release|Win32
		{36F1AF73-B733-41ED-9DC2-F35DA5A1D073}.Release.Build.0 = Release|Win32
		{36F1AF73-B733-41ED-9DC2-F35DA5A1D073}.Release_A.ActiveCfg = Release_A|Win32
		{36F1AF73-B733-41ED-9DC2-F35DA5A1D073}.Release_A.Build.0 = Release_A|Win32
		{36F1AF73-B733-41ED-9DC2-F35DA5A1D073}.Release_All.ActiveCfg = Release_A|Win32
		{36F1AF73-B733-41ED-9DC2-F35DA5A1D073}.Release_All.Build.0 = Release_A|Win32
		{36F1AF73-B733-41ED-9DC2-F35DA5A1D073}.Release_B.ActiveCfg = Release_B|Win32
		{36F1AF73-B733-41ED-9DC2-F35DA5A1D073}.Release_B.Build.0 = Release_B|Win32
		{36F1AF73-B733-41ED-9DC2-F35DA5A1D073}.Release_C.ActiveCfg = Release_C|Win32
		{36F1AF73-B733-41ED-9DC2-F35DA5A1D073}.Release_C.Build.0 = Release_C|Win32
		{36F1AF73-B733-41ED-9DC2-F35DA5A1D073}.Release_D.ActiveCfg = Release_D|Win32
		{36F1AF73-B733-41ED-9DC2-F35DA5A1D073}.Release_D.Build.0 = Release_D|Win32
		{36F1AF73-B733-41ED-9DC2-F35DA5A1D073}.Release_Server.ActiveCfg = Release_Server|Win32
		{36F1AF73-B733-41ED-9DC2-F35DA5A1D073}.Release_Server.Build.0 = Release_Server|Win32
		{36F1AF73-B733-41ED-9DC2-F35DA5A1D073}.ReleaseAll.ActiveCfg = Release_D|Win32
		{36F1AF73-B733-41ED-9DC2-F35DA5A1D073}.ReleaseAll.Build.0 = Release_D|Win32
		{0D444AD2-DAA6-405D-B28D-656AAF5093D5}.Debug.ActiveCfg = Debug|Win32
		{0D444AD2-DAA6-405D-B28D-656AAF5093D5}.Debug.Build.0 = Debug|Win32
		{0D444AD2-DAA6-405D-B28D-656AAF5093D5}.Release.ActiveCfg = Release|Win32
		{0D444AD2-DAA6-405D-B28D-656AAF5093D5}.Release.Build.0 = Release|Win32
		{0D444AD2-DAA6-405D-B28D-656AAF5093D5}.Release_A.ActiveCfg = Release_A|Win32
		{0D444AD2-DAA6-405D-B28D-656AAF5093D5}.Release_A.Build.0 = Release_A|Win32
		{0D444AD2-DAA6-405D-B28D-656AAF5093D5}.Release_All.ActiveCfg = Release_A|Win32
		{0D444AD2-DAA6-405D-B28D-656AAF5093D5}.Release_All.Build.0 = Release_A|Win32
		{0D444AD2-DAA6-405D-B28D-656AAF5093D5}.Release_B.ActiveCfg = Release_B|Win32
		{0D444AD2-DAA6-405D-B28D-656AAF5093D5}.Release_B.Build.0 = Release_B|Win32
		{0D444AD2-DAA6-405D-B28D-656AAF5093D5}.Release_C.ActiveCfg = Release_C|Win32
		{0D444AD2-DAA6-405D-B28D-656AAF5093D5}.Release_C.Build.0 = Release_C|Win32
		{0D444AD2-DAA6-405D-B28D-656AAF5093D5}.Release_D.ActiveCfg = Release_D|Win32
		{0D444AD2-DAA6-405D-B28D-656AAF5093D5}.Release_D.Build.0 = Release_D|Win32
		{0D444AD2-DAA6-405D-B28D-656AAF5093D5}.Release_Server.ActiveCfg = Release_Server|Win32
		{0D444AD2-DAA6-405D-B28D-656AAF5093D5}.Release_Server.Build.0 = Release_Server|Win32
		{0D444AD2-DAA6-405D-B28D-656AAF5093D5}.ReleaseAll.ActiveCfg = Release_D|Win32
		{0D444AD2-DAA6-405D-B28D-656AAF5093D5}.ReleaseAll.Build.0 = Release_D|Win32
		{48A54452-58BC-4EBA-AA6C-38D92CEAD468}.Debug.ActiveCfg = Debug|Win32
		{48A54452-58BC-4EBA-AA6C-38D92CEAD468}.Debug.Build.0 = Debug|Win32
		{48A54452-58BC-4EBA-AA6C-38D92CEAD468}.Release.ActiveCfg = Release|Win32
		{48A54452-58BC-4EBA-AA6C-38D92CEAD468}.Release.Build.0 = Release|Win32
		{48A54452-58BC-4EBA-AA6C-38D92CEAD468}.Release_A.ActiveCfg = Release_A|Win32
		{48A54452-58BC-4EBA-AA6C-38D92CEAD468}.Release_All.ActiveCfg = Release_A|Win32
		{48A54452-58BC-4EBA-AA6C-38D92CEAD468}.Release_All.Build.0 = Release_A|Win32
		{48A54452-58BC-4EBA-AA6C-38D92CEAD468}.Release_B.ActiveCfg = Release_B|Win32
		{48A54452-58BC-4EBA-AA6C-38D92CEAD468}.Release_B.Build.0 = Release_B|Win32
		{48A54452-58BC-4EBA-AA6C-38D92CEAD468}.Release_C.ActiveCfg = Release_C|Win32
		{48A54452-58BC-4EBA-AA6C-38D92CEAD468}.Release_C.Build.0 = Release_C|Win32
		{48A54452-58BC-4EBA-AA6C-38D92CEAD468}.Release_D.ActiveCfg = Release_D|Win32
		{48A54452-58BC-4EBA-AA6C-38D92CEAD468}.Release_D.Build.0 = Release_D|Win32
		{48A54452-58BC-4EBA-AA6C-38D92CEAD468}.Release_Server.ActiveCfg = Release_Server|Win32
		{48A54452-58BC-4EBA-AA6C-38D92CEAD468}.ReleaseAll.ActiveCfg = Release_D|Win32
		{48A54452-58BC-4EBA-AA6C-38D92CEAD468}.ReleaseAll.Build.0 = Release_D|Win32
		{ABDFE1DD-5722-49A8-BD1C-AD572EDE73CD}.Debug.ActiveCfg = Debug|Win32
		{ABDFE1DD-5722-49A8-BD1C-AD572EDE73CD}.Debug.Build.0 = Debug|Win32
		{ABDFE1DD-5722-49A8-BD1C-AD572EDE73CD}.Release.ActiveCfg = Release|Win32
		{ABDFE1DD-5722-49A8-BD1C-AD572EDE73CD}.Release.Build.0 = Release|Win32
		{ABDFE1DD-5722-49A8-BD1C-AD572EDE73CD}.Release_A.ActiveCfg = Release_A|Win32
		{ABDFE1DD-5722-49A8-BD1C-AD572EDE73CD}.Release_A.Build.0 = Release_A|Win32
		{ABDFE1DD-5722-49A8-BD1C-AD572EDE73CD}.Release_All.ActiveCfg = Release_A|Win32
		{ABDFE1DD-5722-49A8-BD1C-AD572EDE73CD}.Release_All.Build.0 = Release_A|Win32
		{ABDFE1DD-5722-49A8-BD1C-AD572EDE73CD}.Release_B.ActiveCfg = Release_B|Win32
		{ABDFE1DD-5722-49A8-BD1C-AD572EDE73CD}.Release_B.Build.0 = Release_B|Win32
		{ABDFE1DD-5722-49A8-BD1C-AD572EDE73CD}.Release_C.ActiveCfg = Release_C|Win32
		{ABDFE1DD-5722-49A8-BD1C-AD572EDE73CD}.Release_C.Build.0 = Release_C|Win32
		{ABDFE1DD-5722-49A8-BD1C-AD572EDE73CD}.Release_D.ActiveCfg = Release_D|Win32
		{ABDFE1DD-5722-49A8-BD1C-AD572EDE73CD}.Release_D.Build.0 = Release_D|Win32
		{ABDFE1DD-5722-49A8-BD1C-AD572EDE73CD}.Release_Server.ActiveCfg = Release_Server|Win32
		{ABDFE1DD-5722-49A8-BD1C-AD572EDE73CD}.ReleaseAll.ActiveCfg = Release_D|Win32
		{ABDFE1DD-5722-49A8-BD1C-AD572EDE73CD}.ReleaseAll.Build.0 = Release_D|Win32
		{D7D4C861-3C19-43E5-8398-7B3A72CCCC9D}.Debug.ActiveCfg = Debug|Win32
		{D7D4C861-3C19-43E5-8398-7B3A72CCCC9D}.Debug.Build.0 = Debug|Win32
		{D7D4C861-3C19-43E5-8398-7B3A72CCCC9D}.Release.ActiveCfg = Release|Win32
		{D7D4C861-3C19-43E5-8398-7B3A72CCCC9D}.Release.Build.0 = Release|Win32
		{D7D4C861-3C19-43E5-8398-7B3A72CCCC9D}.Release_A.ActiveCfg = Release_A|Win32
		{D7D4C861-3C19-43E5-8398-7B3A72CCCC9D}.Release_A.Build.0 = Release_A|Win32
		{D7D4C861-3C19-43E5-8398-7B3A72CCCC9D}.Release_All.ActiveCfg = Release_A|Win32
		{D7D4C861-3C19-43E5-8398-7B3A72CCCC9D}.Release_All.Build.0 = Release_A|Win32
		{D7D4C861-3C19-43E5-8398-7B3A72CCCC9D}.Release_B.ActiveCfg = Release_B|Win32
		{D7D4C861-3C19-43E5-8398-7B3A72CCCC9D}.Release_B.Build.0 = Release_B|Win32
		{D7D4C861-3C19-43E5-8398-7B3A72CCCC9D}.Release_C.ActiveCfg = Release_C|Win32
		{D7D4C861-3C19-43E5-8398-7B3A72CCCC9D}.Release_C.Build.0 = Release_C|Win32
		{D7D4C861-3C19-43E5-8398-7B3A72CCCC9D}.Release_D.ActiveCfg = Release_D|Win32
		{D7D4C861-3C19-43E5-8398-7B3A72CCCC9D}.Release_D.Build.0 = Release_D|Win32
		{D7D4C861-3C19-43E5-8398-7B3A72CCCC9D}.Release_Server.ActiveCfg = Release_Server|Win32
		{D7D4C861-3C19-43E5-8398-7B3A72CCCC9D}.Release_Server.Build.0 = Release_Server|Win32
		{D7D4C861-3C19-43E5-8398-7B3A72CCCC9D}.ReleaseAll.ActiveCfg = Release_D|Win32
		{D7D4C861-3C19-43E5-8398-7B3A72CCCC9D}.ReleaseAll.Build.0 = Release_D|Win32
		{C69DF8AC-CB70-412D-981A-9803C2556BBB}.Debug.ActiveCfg = Debug|Win32
		{C69DF8AC-CB70-412D-981A-9803C2556BBB}.Debug.Build.0 = Debug|Win32
		{C69DF8AC-CB70-412D-981A-9803C2556BBB}.Release.ActiveCfg = Release|Win32
		{C69DF8AC-CB70-412D-981A-9803C2556BBB}.Release_A.ActiveCfg = Release_A|Win32
		{C69DF8AC-CB70-412D-981A-9803C2556BBB}.Release_A.Build.0 = Release_A|Win32
		{C69DF8AC-CB70-412D-981A-9803C2556BBB}.Release_All.ActiveCfg = Release_A|Win32
		{C69DF8AC-CB70-412D-981A-9803C2556BBB}.Release_All.Build.0 = Release_A|Win32
		{C69DF8AC-CB70-412D-981A-9803C2556BBB}.Release_B.ActiveCfg = Release_B|Win32
		{C69DF8AC-CB70-412D-981A-9803C2556BBB}.Release_B.Build.0 = Release_B|Win32
		{C69DF8AC-CB70-412D-981A-9803C2556BBB}.Release_C.ActiveCfg = Release_C|Win32
		{C69DF8AC-CB70-412D-981A-9803C2556BBB}.Release_C.Build.0 = Release_C|Win32
		{C69DF8AC-CB70-412D-981A-9803C2556BBB}.Release_D.ActiveCfg = Release_D|Win32
		{C69DF8AC-CB70-412D-981A-9803C2556BBB}.Release_D.Build.0 = Release_D|Win32
		{C69DF8AC-CB70-412D-981A-9803C2556BBB}.Release_Server.ActiveCfg = Release_Server|Win32
		{C69DF8AC-CB70-412D-981A-9803C2556BBB}.Release_Server.Build.0 = Release_Server|Win32
		{C69DF8AC-CB70-412D-981A-9803C2556BBB}.ReleaseAll.ActiveCfg = Release_D|Win32
		{C69DF8AC-CB70-412D-981A-9803C2556BBB}.ReleaseAll.Build.0 = Release_D|Win32
		{E15A7173-27D2-4768-8BAB-0B5AA4638D73}.Debug.ActiveCfg = Debug|Win32
		{E15A7173-27D2-4768-8BAB-0B5AA4638D73}.Debug.Build.0 = Debug|Win32
		{E15A7173-27D2-4768-8BAB-0B5AA4638D73}.Release.ActiveCfg = Release|Win32
		{E15A7173-27D2-4768-8BAB-0B5AA4638D73}.Release.Build.0 = Release|Win32
		{E15A7173-27D2-4768-8BAB-0B5AA4638D73}.Release_A.ActiveCfg = Release_A|Win32
		{E15A7173-27D2-4768-8BAB-0B5AA4638D73}.Release_All.ActiveCfg = Release_A|Win32
		{E15A7173-27D2-4768-8BAB-0B5AA4638D73}.Release_All.Build.0 = Release_A|Win32
		{E15A7173-27D2-4768-8BAB-0B5AA4638D73}.Release_B.ActiveCfg = Release_B|Win32
		{E15A7173-27D2-4768-8BAB-0B5AA4638D73}.Release_B.Build.0 = Release_B|Win32
		{E15A7173-27D2-4768-8BAB-0B5AA4638D73}.Release_C.ActiveCfg = Release_C|Win32
		{E15A7173-27D2-4768-8BAB-0B5AA4638D73}.Release_C.Build.0 = Release_C|Win32
		{E15A7173-27D2-4768-8BAB-0B5AA4638D73}.Release_D.ActiveCfg = Release_D|Win32
		{E15A7173-27D2-4768-8BAB-0B5AA4638D73}.Release_D.Build.0 = Release_D|Win32
		{E15A7173-27D2-4768-8BAB-0B5AA4638D73}.Release_Server.ActiveCfg = Release_Server|Win32
		{E15A7173-27D2-4768-8BAB-0B5AA4638D73}.ReleaseAll.ActiveCfg = Release_D|Win32
		{E15A7173-27D2-4768-8BAB-0B5AA4638D73}.ReleaseAll.Build.0 = Release_D|Win32
		{6FAC775F-87A3-4C20-9EE6-4713C2C9A6E9}.Debug.ActiveCfg = Debug|Win32
		{6FAC775F-87A3-4C20-9EE6-4713C2C9A6E9}.Debug.Build.0 = Debug|Win32
		{6FAC775F-87A3-4C20-9EE6-4713C2C9A6E9}.Release.ActiveCfg = Release|Win32
		{6FAC775F-87A3-4C20-9EE6-4713C2C9A6E9}.Release.Build.0 = Release|Win32
		{6FAC775F-87A3-4C20-9EE6-4713C2C9A6E9}.Release_A.ActiveCfg = Release_A|Win32
		{6FAC775F-87A3-4C20-9EE6-4713C2C9A6E9}.Release_A.Build.0 = Release_A|Win32
		{6FAC775F-87A3-4C20-9EE6-4713C2C9A6E9}.Release_All.ActiveCfg = Release_A|Win32
		{6FAC775F-87A3-4C20-9EE6-4713C2C9A6E9}.Release_All.Build.0 = Release_A|Win32
		{6FAC775F-87A3-4C20-9EE6-4713C2C9A6E9}.Release_B.ActiveCfg = Release_B|Win32
		{6FAC775F-87A3-4C20-9EE6-4713C2C9A6E9}.Release_B.Build.0 = Release_B|Win32
		{6FAC775F-87A3-4C20-9EE6-4713C2C9A6E9}.Release_C.ActiveCfg = Release_C|Win32
		{6FAC775F-87A3-4C20-9EE6-4713C2C9A6E9}.Release_C.Build.0 = Release_C|Win32
		{6FAC775F-87A3-4C20-9EE6-4713C2C9A6E9}.Release_D.ActiveCfg = Release_D|Win32
		{6FAC775F-87A3-4C20-9EE6-4713C2C9A6E9}.Release_D.Build.0 = Release_D|Win32
		{6FAC775F-87A3-4C20-9EE6-4713C2C9A6E9}.Release_Server.ActiveCfg = Release_Server|Win32
		{6FAC775F-87A3-4C20-9EE6-4713C2C9A6E9}.Release_Server.Build.0 = Release_Server|Win32
		{6FAC775F-87A3-4C20-9EE6-4713C2C9A6E9}.ReleaseAll.ActiveCfg = Release_D|Win32
		{6FAC775F-87A3-4C20-9EE6-4713C2C9A6E9}.ReleaseAll.Build.0 = Release_D|Win32
		{06500F3B-6B55-42FC-B009-4E525C25B404}.Debug.ActiveCfg = Debug|Win32
		{06500F3B-6B55-42FC-B009-4E525C25B404}.Debug.Build.0 = Debug|Win32
		{06500F3B-6B55-42FC-B009-4E525C25B404}.Release.ActiveCfg = Release|Win32
		{06500F3B-6B55-42FC-B009-4E525C25B404}.Release.Build.0 = Release|Win32
		{06500F3B-6B55-42FC-B009-4E525C25B404}.Release_A.ActiveCfg = Release_A|Win32
		{06500F3B-6B55-42FC-B009-4E525C25B404}.Release_A.Build.0 = Release_A|Win32
		{06500F3B-6B55-42FC-B009-4E525C25B404}.Release_All.ActiveCfg = Release_A|Win32
		{06500F3B-6B55-42FC-B009-4E525C25B404}.Release_All.Build.0 = Release_A|Win32
		{06500F3B-6B55-42FC-B009-4E525C25B404}.Release_B.ActiveCfg = Release_B|Win32
		{06500F3B-6B55-42FC-B009-4E525C25B404}.Release_B.Build.0 = Release_B|Win32
		{06500F3B-6B55-42FC-B009-4E525C25B404}.Release_C.ActiveCfg = Release_C|Win32
		{06500F3B-6B55-42FC-B009-4E525C25B404}.Release_C.Build.0 = Release_C|Win32
		{06500F3B-6B55-42FC-B009-4E525C25B404}.Release_D.ActiveCfg = Release_D|Win32
		{06500F3B-6B55-42FC-B009-4E525C25B404}.Release_D.Build.0 = Release_D|Win32
		{06500F3B-6B55-42FC-B009-4E525C25B404}.Release_Server.ActiveCfg = Release_Server|Win32
		{06500F3B-6B55-42FC-B009-4E525C25B404}.Release_Server.Build.0 = Release_Server|Win32
		{06500F3B-6B55-42FC-B009-4E525C25B404}.ReleaseAll.ActiveCfg = Release_D|Win32
		{06500F3B-6B55-42FC-B009-4E525C25B404}.ReleaseAll.Build.0 = Release_D|Win32
		{DD642AD2-FD38-4171-9432-3EFE08EC7CAD}.Debug.ActiveCfg = Debug|Win32
		{DD642AD2-FD38-4171-9432-3EFE08EC7CAD}.Debug.Build.0 = Debug|Win32
		{DD642AD2-FD38-4171-9432-3EFE08EC7CAD}.Release.ActiveCfg = Release|Win32
		{DD642AD2-FD38-4171-9432-3EFE08EC7CAD}.Release.Build.0 = Release|Win32
		{DD642AD2-FD38-4171-9432-3EFE08EC7CAD}.Release_A.ActiveCfg = Release_A|Win32
		{DD642AD2-FD38-4171-9432-3EFE08EC7CAD}.Release_A.Build.0 = Release_A|Win32
		{DD642AD2-FD38-4171-9432-3EFE08EC7CAD}.Release_All.ActiveCfg = Release_A|Win32
		{DD642AD2-FD38-4171-9432-3EFE08EC7CAD}.Release_All.Build.0 = Release_A|Win32
		{DD642AD2-FD38-4171-9432-3EFE08EC7CAD}.Release_B.ActiveCfg = Release_B|Win32
		{DD642AD2-FD38-4171-9432-3EFE08EC7CAD}.Release_B.Build.0 = Release_B|Win32
		{DD642AD2-FD38-4171-9432-3EFE08EC7CAD}.Release_C.ActiveCfg = Release_C|Win32
		{DD642AD2-FD38-4171-9432-3EFE08EC7CAD}.Release_C.Build.0 = Release_C|Win32
		{DD642AD2-FD38-4171-9432-3EFE08EC7CAD}.Release_D.ActiveCfg = Release_D|Win32
		{DD642AD2-FD38-4171-9432-3EFE08EC7CAD}.Release_D.Build.0 = Release_D|Win32
		{DD642AD2-FD38-4171-9432-3EFE08EC7CAD}.Release_Server.ActiveCfg = Release_Server|Win32
		{DD642AD2-FD38-4171-9432-3EFE08EC7CAD}.Release_Server.Build.0 = Release_Server|Win32
		{DD642AD2-FD38-4171-9432-3EFE08EC7CAD}.ReleaseAll.ActiveCfg = Release_D|Win32
		{DD642AD2-FD38-4171-9432-3EFE08EC7CAD}.ReleaseAll.Build.0 = Release_D|Win32
		{393C882A-748C-4AB7-809D-7B437FBB7AF3}.Debug.ActiveCfg = Debug|Win32
		{393C882A-748C-4AB7-809D-7B437FBB7AF3}.Debug.Build.0 = Debug|Win32
		{393C882A-748C-4AB7-809D-7B437FBB7AF3}.Release.ActiveCfg = Release|Win32
		{393C882A-748C-4AB7-809D-7B437FBB7AF3}.Release.Build.0 = Release|Win32
		{393C882A-748C-4AB7-809D-7B437FBB7AF3}.Release_A.ActiveCfg = Release_A|Win32
		{393C882A-748C-4AB7-809D-7B437FBB7AF3}.Release_A.Build.0 = Release_A|Win32
		{393C882A-748C-4AB7-809D-7B437FBB7AF3}.Release_All.ActiveCfg = Release_A|Win32
		{393C882A-748C-4AB7-809D-7B437FBB7AF3}.Release_All.Build.0 = Release_A|Win32
		{393C882A-748C-4AB7-809D-7B437FBB7AF3}.Release_B.ActiveCfg = Release_B|Win32
		{393C882A-748C-4AB7-809D-7B437FBB7AF3}.Release_B.Build.0 = Release_B|Win32
		{393C882A-748C-4AB7-809D-7B437FBB7AF3}.Release_C.ActiveCfg = Release_C|Win32
		{393C882A-748C-4AB7-809D-7B437FBB7AF3}.Release_C.Build.0 = Release_C|Win32
		{393C882A-748C-4AB7-809D-7B437FBB7AF3}.Release_D.ActiveCfg = Release_D|Win32
		{393C882A-748C-4AB7-809D-7B437FBB7AF3}.Release_D.Build.0 = Release_D|Win32
		{393C882A-748C-4AB7-809D-7B437FBB7AF3}.Release_Server.ActiveCfg = Release_Server|Win32
		{393C882A-748C-4AB7-809D-7B437FBB7AF3}.Release_Server.Build.0 = Release_Server|Win32
		{393C882A-748C-4AB7-809D-7B437FBB7AF3}.ReleaseAll.ActiveCfg = Release_D|Win32
		{393C882A-748C-4AB7-809D-7B437FBB7AF3}.ReleaseAll.Build.0 = Release_D|Win32
		{E8CF1ADA-264A-4127-86C2-FD7057D3792C}.Debug.ActiveCfg = Debug|Win32
		{E8CF1ADA-264A-4127-86C2-FD7057D3792C}.Debug.Build.0 = Debug|Win32
		{E8CF1ADA-264A-4127-86C2-FD7057D3792C}.Release.ActiveCfg = Release|Win32
		{E8CF1ADA-264A-4127-86C2-FD7057D3792C}.Release.Build.0 = Release|Win32
		{E8CF1ADA-264A-4127-86C2-FD7057D3792C}.Release_A.ActiveCfg = Release_A|Win32
		{E8CF1ADA-264A-4127-86C2-FD7057D3792C}.Release_A.Build.0 = Release_A|Win32
		{E8CF1ADA-264A-4127-86C2-FD7057D3792C}.Release_All.ActiveCfg = Release_A|Win32
		{E8CF1ADA-264A-4127-86C2-FD7057D3792C}.Release_All.Build.0 = Release_A|Win32
		{E8CF1ADA-264A-4127-86C2-FD7057D3792C}.Release_B.ActiveCfg = Release_B|Win32
		{E8CF1ADA-264A-4127-86C2-FD7057D3792C}.Release_B.Build.0 = Release_B|Win32
		{E8CF1ADA-264A-4127-86C2-FD7057D3792C}.Release_C.ActiveCfg = Release_C|Win32
		{E8CF1ADA-264A-4127-86C2-FD7057D3792C}.Release_C.Build.0 = Release_C|Win32
		{E8CF1ADA-264A-4127-86C2-FD7057D3792C}.Release_D.ActiveCfg = Release_D|Win32
		{E8CF1ADA-264A-4127-86C2-FD7057D3792C}.Release_D.Build.0 = Release_D|Win32
		{E8CF1ADA-264A-4127-86C2-FD7057D3792C}.Release_Server.ActiveCfg = Release_Server|Win32
		{E8CF1ADA-264A-4127-86C2-FD7057D3792C}.Release_Server.Build.0 = Release_Server|Win32
		{E8CF1ADA-264A-4127-86C2-FD7057D3792C}.ReleaseAll.ActiveCfg = Release_D|Win32
		{E8CF1ADA-264A-4127-86C2-FD7057D3792C}.ReleaseAll.Build.0 = Release_D|Win32
		{51E0953A-983F-4C2F-BA4C-DEBAD030174E}.Debug.ActiveCfg = Debug|Win32
		{51E0953A-983F-4C2F-BA4C-DEBAD030174E}.Debug.Build.0 = Debug|Win32
		{51E0953A-983F-4C2F-BA4C-DEBAD030174E}.Release.ActiveCfg = Release|Win32
		{51E0953A-983F-4C2F-BA4C-DEBAD030174E}.Release.Build.0 = Release|Win32
		{51E0953A-983F-4C2F-BA4C-DEBAD030174E}.Release_A.ActiveCfg = Release_A|Win32
		{51E0953A-983F-4C2F-BA4C-DEBAD030174E}.Release_A.Build.0 = Release_A|Win32
		{51E0953A-983F-4C2F-BA4C-DEBAD030174E}.Release_All.ActiveCfg = Release_A|Win32
		{51E0953A-983F-4C2F-BA4C-DEBAD030174E}.Release_All.Build.0 = Release_A|Win32
		{51E0953A-983F-4C2F-BA4C-DEBAD030174E}.Release_B.ActiveCfg = Release_B|Win32
		{51E0953A-983F-4C2F-BA4C-DEBAD030174E}.Release_B.Build.0 = Release_B|Win32
		{51E0953A-983F-4C2F-BA4C-DEBAD030174E}.Release_C.ActiveCfg = Release_C|Win32
		{51E0953A-983F-4C2F-BA4C-DEBAD030174E}.Release_C.Build.0 = Release_C|Win32
		{51E0953A-983F-4C2F-BA4C-DEBAD030174E}.Release_D.ActiveCfg = Release_D|Win32
		{51E0953A-983F-4C2F-BA4C-DEBAD030174E}.Release_D.Build.0 = Release_D|Win32
		{51E0953A-983F-4C2F-BA4C-DEBAD030174E}.Release_Server.ActiveCfg = Release_Server|Win32
		{51E0953A-983F-4C2F-BA4C-DEBAD030174E}.ReleaseAll.ActiveCfg = Release_D|Win32
		{51E0953A-983F-4C2F-BA4C-DEBAD030174E}.ReleaseAll.Build.0 = Release_D|Win32
		{F6D2EE22-6103-44FC-8D08-A01471D16292}.Debug.ActiveCfg = Debug|Win32
		{F6D2EE22-6103-44FC-8D08-A01471D16292}.Debug.Build.0 = Debug|Win32
		{F6D2EE22-6103-44FC-8D08-A01471D16292}.Release.ActiveCfg = Release|Win32
		{F6D2EE22-6103-44FC-8D08-A01471D16292}.Release.Build.0 = Release|Win32
		{F6D2EE22-6103-44FC-8D08-A01471D16292}.Release_A.ActiveCfg = Release_A|Win32
		{F6D2EE22-6103-44FC-8D08-A01471D16292}.Release_A.Build.0 = Release_A|Win32
		{F6D2EE22-6103-44FC-8D08-A01471D16292}.Release_All.ActiveCfg = Release_A|Win32
		{F6D2EE22-6103-44FC-8D08-A01471D16292}.Release_All.Build.0 = Release_A|Win32
		{F6D2EE22-6103-44FC-8D08-A01471D16292}.Release_B.ActiveCfg = Release_B|Win32
		{F6D2EE22-6103-44FC-8D08-A01471D16292}.Release_B.Build.0 = Release_B|Win32
		{F6D2EE22-6103-44FC-8D08-A01471D16292}.Release_C.ActiveCfg = Release_C|Win32
		{F6D2EE22-6103-44FC-8D08-A01471D16292}.Release_C.Build.0 = Release_C|Win32
		{F6D2EE22-6103-44FC-8D08-A01471D16292}.Release_D.ActiveCfg = Release_D|Win32
		{F6D2EE22-6103-44FC-8D08-A01471D16292}.Release_D.Build.0 = Release_D|Win32
		{F6D2EE22-6103-44FC-8D08-A01471D16292}.Release_Server.ActiveCfg = Release_Server|Win32
		{F6D2EE22-6103-44FC-8D08-A01471D16292}.ReleaseAll.ActiveCfg = Release_D|Win32
		{F6D2EE22-6103-44FC-8D08-A01471D16292}.ReleaseAll.Build.0 = Release_D|Win32
		{74B5A9A9-2098-4603-B3BD-21D78188A48A}.Debug.ActiveCfg = Debug|Win32
		{74B5A9A9-2098-4603-B3BD-21D78188A48A}.Debug.Build.0 = Debug|Win32
		{74B5A9A9-2098-4603-B3BD-21D78188A48A}.Release.ActiveCfg = Release|Win32
		{74B5A9A9-2098-4603-B3BD-21D78188A48A}.Release.Build.0 = Release|Win32
		{74B5A9A9-2098-4603-B3BD-21D78188A48A}.Release_A.ActiveCfg = Release_A|Win32
		{74B5A9A9-2098-4603-B3BD-21D78188A48A}.Release_All.ActiveCfg = Release_A|Win32
		{74B5A9A9-2098-4603-B3BD-21D78188A48A}.Release_All.Build.0 = Release_A|Win32
		{74B5A9A9-2098-4603-B3BD-21D78188A48A}.Release_B.ActiveCfg = Release_B|Win32
		{74B5A9A9-2098-4603-B3BD-21D78188A48A}.Release_B.Build.0 = Release_B|Win32
		{74B5A9A9-2098-4603-B3BD-21D78188A48A}.Release_C.ActiveCfg = Release_C|Win32
		{74B5A9A9-2098-4603-B3BD-21D78188A48A}.Release_C.Build.0 = Release_C|Win32
		{74B5A9A9-2098-4603-B3BD-21D78188A48A}.Release_D.ActiveCfg = Release_D|Win32
		{74B5A9A9-2098-4603-B3BD-21D78188A48A}.Release_D.Build.0 = Release_D|Win32
		{74B5A9A9-2098-4603-B3BD-21D78188A48A}.Release_Server.ActiveCfg = Release_Server|Win32
		{74B5A9A9-2098-4603-B3BD-21D78188A48A}.ReleaseAll.ActiveCfg = Release_D|Win32
		{74B5A9A9-2098-4603-B3BD-21D78188A48A}.ReleaseAll.Build.0 = Release_D|Win32
		{C0BB35EF-EAE1-41BE-8E9B-EE03117AE2BB}.Debug.ActiveCfg = Debug|Win32
		{C0BB35EF-EAE1-41BE-8E9B-EE03117AE2BB}.Debug.Build.0 = Debug|Win32
		{C0BB35EF-EAE1-41BE-8E9B-EE03117AE2BB}.Release.ActiveCfg = Release|Win32
		{C0BB35EF-EAE1-41BE-8E9B-EE03117AE2BB}.Release.Build.0 = Release|Win32
		{C0BB35EF-EAE1-41BE-8E9B-EE03117AE2BB}.Release_A.ActiveCfg = Release_A|Win32
		{C0BB35EF-EAE1-41BE-8E9B-EE03117AE2BB}.Release_All.ActiveCfg = Release_A|Win32
		{C0BB35EF-EAE1-41BE-8E9B-EE03117AE2BB}.Release_All.Build.0 = Release_A|Win32
		{C0BB35EF-EAE1-41BE-8E9B-EE03117AE2BB}.Release_B.ActiveCfg = Release_B|Win32
		{C0BB35EF-EAE1-41BE-8E9B-EE03117AE2BB}.Release_B.Build.0 = Release_B|Win32
		{C0BB35EF-EAE1-41BE-8E9B-EE03117AE2BB}.Release_C.ActiveCfg = Release_C|Win32
		{C0BB35EF-EAE1-41BE-8E9B-EE03117AE2BB}.Release_C.Build.0 = Release_C|Win32
		{C0BB35EF-EAE1-41BE-8E9B-EE03117AE2BB}.Release_D.ActiveCfg = Release_D|Win32
		{C0BB35EF-EAE1-41BE-8E9B-EE03117AE2BB}.Release_D.Build.0 = Release_D|Win32
		{C0BB35EF-EAE1-41BE-8E9B-EE03117AE2BB}.Release_Server.ActiveCfg = Release_Server|Win32
		{C0BB35EF-EAE1-41BE-8E9B-EE03117AE2BB}.ReleaseAll.ActiveCfg = Release_D|Win32
		{C0BB35EF-EAE1-41BE-8E9B-EE03117AE2BB}.ReleaseAll.Build.0 = Release_D|Win32
		{1EFC0DF1-5A35-41BD-8C99-6072B6384EA7}.Debug.ActiveCfg = Debug|Win32
		{1EFC0DF1-5A35-41BD-8C99-6072B6384EA7}.Debug.Build.0 = Debug|Win32
		{1EFC0DF1-5A35-41BD-8C99-6072B6384EA7}.Release.ActiveCfg = Release|Win32
		{1EFC0DF1-5A35-41BD-8C99-6072B6384EA7}.Release_A.ActiveCfg = Release_A|Win32
		{1EFC0DF1-5A35-41BD-8C99-6072B6384EA7}.Release_All.ActiveCfg = Release_A|Win32
		{1EFC0DF1-5A35-41BD-8C99-6072B6384EA7}.Release_All.Build.0 = Release_A|Win32
		{1EFC0DF1-5A35-41BD-8C99-6072B6384EA7}.Release_B.ActiveCfg = Release_B|Win32
		{1EFC0DF1-5A35-41BD-8C99-6072B6384EA7}.Release_C.ActiveCfg = Release_C|Win32
		{1EFC0DF1-5A35-41BD-8C99-6072B6384EA7}.Release_D.ActiveCfg = Release_D|Win32
		{1EFC0DF1-5A35-41BD-8C99-6072B6384EA7}.Release_Server.ActiveCfg = Release_Server|Win32
		{1EFC0DF1-5A35-41BD-8C99-6072B6384EA7}.ReleaseAll.ActiveCfg = Release_D|Win32
		{1EFC0DF1-5A35-41BD-8C99-6072B6384EA7}.ReleaseAll.Build.0 = Release_D|Win32
		{EFD95D23-EFF2-41D8-B271-E51566D4A239}.Debug.ActiveCfg = Debug|Win32
		{EFD95D23-EFF2-41D8-B271-E51566D4A239}.Debug.Build.0 = Debug|Win32
		{EFD95D23-EFF2-41D8-B271-E51566D4A239}.Release.ActiveCfg = Release|Win32
		{EFD95D23-EFF2-41D8-B271-E51566D4A239}.Release.Build.0 = Release|Win32
		{EFD95D23-EFF2-41D8-B271-E51566D4A239}.Release_A.ActiveCfg = Release_A|Win32
		{EFD95D23-EFF2-41D8-B271-E51566D4A239}.Release_All.ActiveCfg = Release_A|Win32
		{EFD95D23-EFF2-41D8-B271-E51566D4A239}.Release_All.Build.0 = Release_A|Win32
		{EFD95D23-EFF2-41D8-B271-E51566D4A239}.Release_B.ActiveCfg = Release_B|Win32
		{EFD95D23-EFF2-41D8-B271-E51566D4A239}.Release_B.Build.0 = Release_B|Win32
		{EFD95D23-EFF2-41D8-B271-E51566D4A239}.Release_C.ActiveCfg = Release_C|Win32
		{EFD95D23-EFF2-41D8-B271-E51566D4A239}.Release_C.Build.0 = Release_C|Win32
		{EFD95D23-EFF2-41D8-B271-E51566D4A239}.Release_D.ActiveCfg = Release_D|Win32
		{EFD95D23-EFF2-41D8-B271-E51566D4A239}.Release_D.Build.0 = Release_D|Win32
		{EFD95D23-EFF2-41D8-B271-E51566D4A239}.Release_Server.ActiveCfg = Release_Server|Win32
		{EFD95D23-EFF2-41D8-B271-E51566D4A239}.ReleaseAll.ActiveCfg = Release_D|Win32
		{EFD95D23-EFF2-41D8-B271-E51566D4A239}.ReleaseAll.Build.0 = Release_D|Win32
		{44010431-8603-45F8-8240-994E7D632C81}.Debug.ActiveCfg = Debug|Win32
		{44010431-8603-45F8-8240-994E7D632C81}.Debug.Build.0 = Debug|Win32
		{44010431-8603-45F8-8240-994E7D632C81}.Release.ActiveCfg = Release|Win32
		{44010431-8603-45F8-8240-994E7D632C81}.Release.Build.0 = Release|Win32
		{44010431-8603-45F8-8240-994E7D632C81}.Release_A.ActiveCfg = Release_A|Win32
		{44010431-8603-45F8-8240-994E7D632C81}.Release_All.ActiveCfg = Release_A|Win32
		{44010431-8603-45F8-8240-994E7D632C81}.Release_All.Build.0 = Release_A|Win32
		{44010431-8603-45F8-8240-994E7D632C81}.Release_B.ActiveCfg = Release_B|Win32
		{44010431-8603-45F8-8240-994E7D632C81}.Release_B.Build.0 = Release_B|Win32
		{44010431-8603-45F8-8240-994E7D632C81}.Release_C.ActiveCfg = Release_C|Win32
		{44010431-8603-45F8-8240-994E7D632C81}.Release_C.Build.0 = Release_C|Win32
		{44010431-8603-45F8-8240-994E7D632C81}.Release_D.ActiveCfg = Release_D|Win32
		{44010431-8603-45F8-8240-994E7D632C81}.Release_D.Build.0 = Release_D|Win32
		{44010431-8603-45F8-8240-994E7D632C81}.Release_Server.ActiveCfg = Release_Server|Win32
		{44010431-8603-45F8-8240-994E7D632C81}.ReleaseAll.ActiveCfg = Release_D|Win32
		{44010431-8603-45F8-8240-994E7D632C81}.ReleaseAll.Build.0 = Release_D|Win32
		{3246753B-3043-4DB4-B441-024AC84BAAB3}.Debug.ActiveCfg = Debug|Win32
		{3246753B-3043-4DB4-B441-024AC84BAAB3}.Debug.Build.0 = Debug|Win32
		{3246753B-3043-4DB4-B441-024AC84BAAB3}.Release.ActiveCfg = Release|Win32
		{3246753B-3043-4DB4-B441-024AC84BAAB3}.Release.Build.0 = Release|Win32
		{3246753B-3043-4DB4-B441-024AC84BAAB3}.Release_A.ActiveCfg = Release_A|Win32
		{3246753B-3043-4DB4-B441-024AC84BAAB3}.Release_All.ActiveCfg = Release_A|Win32
		{3246753B-3043-4DB4-B441-024AC84BAAB3}.Release_All.Build.0 = Release_A|Win32
		{3246753B-3043-4DB4-B441-024AC84BAAB3}.Release_B.ActiveCfg = Release_B|Win32
		{3246753B-3043-4DB4-B441-024AC84BAAB3}.Release_B.Build.0 = Release_B|Win32
		{3246753B-3043-4DB4-B441-024AC84BAAB3}.Release_C.ActiveCfg = Release_C|Win32
		{3246753B-3043-4DB4-B441-024AC84BAAB3}.Release_C.Build.0 = Release_C|Win32
		{3246753B-3043-4DB4-B441-024AC84BAAB3}.Release_D.ActiveCfg = Release_D|Win32
		{3246753B-3043-4DB4-B441-024AC84BAAB3}.Release_D.Build.0 = Release_D|Win32
		{3246753B-3043-4DB4-B441-024AC84BAAB3}.Release_Server.ActiveCfg = Release_Server|Win32
		{3246753B-3043-4DB4-B441-024AC84BAAB3}.ReleaseAll.ActiveCfg = Release_D|Win32
		{3246753B-3043-4DB4-B441-024AC84BAAB3}.ReleaseAll.Build.0 = Release_D|Win32
		{2511DFCF-6C0C-44FB-99AF-B60C39955786}.Debug.ActiveCfg = Debug|Win32
		{2511DFCF-6C0C-44FB-99AF-B60C39955786}.Debug.Build.0 = Debug|Win32
		{2511DFCF-6C0C-44FB-99AF-B60C39955786}.Release.ActiveCfg = Release|Win32
		{2511DFCF-6C0C-44FB-99AF-B60C39955786}.Release.Build.0 = Release|Win32
		{2511DFCF-6C0C-44FB-99AF-B60C39955786}.Release_A.ActiveCfg = Release_A|Win32
		{2511DFCF-6C0C-44FB-99AF-B60C39955786}.Release_All.ActiveCfg = Release_All|Win32
		{2511DFCF-6C0C-44FB-99AF-B60C39955786}.Release_All.Build.0 = Release_All|Win32
		{2511DFCF-6C0C-44FB-99AF-B60C39955786}.Release_B.ActiveCfg = Release_All|Win32
		{2511DFCF-6C0C-44FB-99AF-B60C39955786}.Release_B.Build.0 = Release_All|Win32
		{2511DFCF-6C0C-44FB-99AF-B60C39955786}.Release_C.ActiveCfg = Release_All|Win32
		{2511DFCF-6C0C-44FB-99AF-B60C39955786}.Release_C.Build.0 = Release_All|Win32
		{2511DFCF-6C0C-44FB-99AF-B60C39955786}.Release_D.ActiveCfg = Release_All|Win32
		{2511DFCF-6C0C-44FB-99AF-B60C39955786}.Release_D.Build.0 = Release_All|Win32
		{2511DFCF-6C0C-44FB-99AF-B60C39955786}.Release_Server.ActiveCfg = Release_Server|Win32
		{2511DFCF-6C0C-44FB-99AF-B60C39955786}.ReleaseAll.ActiveCfg = ReleaseAll|Win32
		{2511DFCF-6C0C-44FB-99AF-B60C39955786}.ReleaseAll.Build.0 = ReleaseAll|Win32
		{A5CD7D77-59E8-4D0A-8A34-47F092029A6C}.Debug.ActiveCfg = Debug|Win32
		{A5CD7D77-59E8-4D0A-8A34-47F092029A6C}.Debug.Build.0 = Debug|Win32
		{A5CD7D77-59E8-4D0A-8A34-47F092029A6C}.Release.ActiveCfg = Release|Win32
		{A5CD7D77-59E8-4D0A-8A34-47F092029A6C}.Release.Build.0 = Release|Win32
		{A5CD7D77-59E8-4D0A-8A34-47F092029A6C}.Release_A.ActiveCfg = Release_A|Win32
		{A5CD7D77-59E8-4D0A-8A34-47F092029A6C}.Release_All.ActiveCfg = Release|Win32
		{A5CD7D77-59E8-4D0A-8A34-47F092029A6C}.Release_All.Build.0 = Release|Win32
		{A5CD7D77-59E8-4D0A-8A34-47F092029A6C}.Release_B.ActiveCfg = Release|Win32
		{A5CD7D77-59E8-4D0A-8A34-47F092029A6C}.Release_B.Build.0 = Release|Win32
		{A5CD7D77-59E8-4D0A-8A34-47F092029A6C}.Release_C.ActiveCfg = Release|Win32
		{A5CD7D77-59E8-4D0A-8A34-47F092029A6C}.Release_C.Build.0 = Release|Win32
		{A5CD7D77-59E8-4D0A-8A34-47F092029A6C}.Release_D.ActiveCfg = Release|Win32
		{A5CD7D77-59E8-4D0A-8A34-47F092029A6C}.Release_D.Build.0 = Release|Win32
		{A5CD7D77-59E8-4D0A-8A34-47F092029A6C}.Release_Server.ActiveCfg = Release_Server|Win32
		{A5CD7D77-59E8-4D0A-8A34-47F092029A6C}.ReleaseAll.ActiveCfg = Release|Win32
		{A5CD7D77-59E8-4D0A-8A34-47F092029A6C}.ReleaseAll.Build.0 = Release|Win32
		{45165A02-8F74-4217-9739-B66FBB0DDB4D}.Debug.ActiveCfg = Debug|Win32
		{45165A02-8F74-4217-9739-B66FBB0DDB4D}.Debug.Build.0 = Debug|Win32
		{45165A02-8F74-4217-9739-B66FBB0DDB4D}.Release.ActiveCfg = Release|Win32
		{45165A02-8F74-4217-9739-B66FBB0DDB4D}.Release.Build.0 = Release|Win32
		{45165A02-8F74-4217-9739-B66FBB0DDB4D}.Release_A.ActiveCfg = Release_A|Win32
		{45165A02-8F74-4217-9739-B66FBB0DDB4D}.Release_All.ActiveCfg = Release_A|Win32
		{45165A02-8F74-4217-9739-B66FBB0DDB4D}.Release_All.Build.0 = Release_A|Win32
		{45165A02-8F74-4217-9739-B66FBB0DDB4D}.Release_B.ActiveCfg = Release_B|Win32
		{45165A02-8F74-4217-9739-B66FBB0DDB4D}.Release_B.Build.0 = Release_B|Win32
		{45165A02-8F74-4217-9739-B66FBB0DDB4D}.Release_C.ActiveCfg = Release_C|Win32
		{45165A02-8F74-4217-9739-B66FBB0DDB4D}.Release_C.Build.0 = Release_C|Win32
		{45165A02-8F74-4217-9739-B66FBB0DDB4D}.Release_D.ActiveCfg = Release_D|Win32
		{45165A02-8F74-4217-9739-B66FBB0DDB4D}.Release_D.Build.0 = Release_D|Win32
		{45165A02-8F74-4217-9739-B66FBB0DDB4D}.Release_Server.ActiveCfg = Release_Server|Win32
		{45165A02-8F74-4217-9739-B66FBB0DDB4D}.Release_Server.Build.0 = Release_Server|Win32
		{45165A02-8F74-4217-9739-B66FBB0DDB4D}.ReleaseAll.ActiveCfg = Release_Server|Win32
		{45165A02-8F74-4217-9739-B66FBB0DDB4D}.ReleaseAll.Build.0 = Release_Server|Win32
	EndGlobalSection
	GlobalSection(SolutionItems) = postSolution
	EndGlobalSection
	GlobalSection(ExtensibilityGlobals) = postSolution
	EndGlobalSection
	GlobalSection(ExtensibilityAddIns) = postSolution
	EndGlobalSection
	GlobalSection(DPCodeReviewSolutionGUID) = preSolution
		DPCodeReviewSolutionGUID = {00000000-0000-0000-0000-000000000000}
	EndGlobalSection
EndGlobal
